
Microsoft Visual Studio Solution File, Format Version 12.00
Project("{FAE04EC0-301F-11D3-BF4B-00C04F79EFBC}") = "Rovio.MatchMaking", "Rovio.MatchMaking\Rovio.MatchMaking.csproj", "{867764AC-A86C-4071-A0A7-DBE3A838C3D7}"
EndProject
Project("{FAE04EC0-301F-11D3-BF4B-00C04F79EFBC}") = "Rovio.MatchMaking.Net", "Rovio.MatchMaking.Net\Rovio.MatchMaking.Net.csproj", "{7B577BFF-124C-4661-9804-BD5E595FE808}"
EndProject
Project("{FAE04EC0-301F-11D3-BF4B-00C04F79EFBC}") = "Rovio.MatchMaking.Tests", "Rovio.MatchMaking.Tests\Rovio.MatchMaking.Tests.csproj", "{AC9C32AD-5FAC-4215-BC33-BAFB10346946}"
EndProject
Project("{FAE04EC0-301F-11D3-BF4B-00C04F79EFBC}") = "Rovio.MatchMaking.Repositories", "Rovio.MatchMaking.Repositories\Rovio.MatchMaking.Repositories.csproj", "{05307819-C957-4F18-9B27-0D61297D2F82}"
EndProject
Project("{FAE04EC0-301F-11D3-BF4B-00C04F79EFBC}") = "Rovio.Matchmaking.Repositories.Tests", "Rovio.Matchmaking.Repositories.Tests\Rovio.Matchmaking.Repositories.Tests.csproj", "{79E3CBF4-DB48-42D6-8470-A1D1A32FD6ED}"
EndProject
Project("{FAE04EC0-301F-11D3-BF4B-00C04F79EFBC}") = "Rovio.MatchMaking.Net.Tests", "Rovio.MatchMaking.Net.Tests\Rovio.MatchMaking.Net.Tests.csproj", "{32AC942D-2E1D-4024-A7DD-68872E8F8042}"
EndProject
Global
	GlobalSection(SolutionConfigurationPlatforms) = preSolution
		Debug|Any CPU = Debug|Any CPU
		Release|Any CPU = Release|Any CPU
	EndGlobalSection
	GlobalSection(ProjectConfigurationPlatforms) = postSolution
		{867764AC-A86C-4071-A0A7-DBE3A838C3D7}.Debug|Any CPU.ActiveCfg = Debug|Any CPU
		{867764AC-A86C-4071-A0A7-DBE3A838C3D7}.Debug|Any CPU.Build.0 = Debug|Any CPU
		{867764AC-A86C-4071-A0A7-DBE3A838C3D7}.Release|Any CPU.ActiveCfg = Release|Any CPU
		{867764AC-A86C-4071-A0A7-DBE3A838C3D7}.Release|Any CPU.Build.0 = Release|Any CPU
		{7B577BFF-124C-4661-9804-BD5E595FE808}.Debug|Any CPU.ActiveCfg = Debug|Any CPU
		{7B577BFF-124C-4661-9804-BD5E595FE808}.Debug|Any CPU.Build.0 = Debug|Any CPU
		{7B577BFF-124C-4661-9804-BD5E595FE808}.Release|Any CPU.ActiveCfg = Release|Any CPU
		{7B577BFF-124C-4661-9804-BD5E595FE808}.Release|Any CPU.Build.0 = Release|Any CPU
		{AC9C32AD-5FAC-4215-BC33-BAFB10346946}.Debug|Any CPU.ActiveCfg = Debug|Any CPU
		{AC9C32AD-5FAC-4215-BC33-BAFB10346946}.Debug|Any CPU.Build.0 = Debug|Any CPU
		{AC9C32AD-5FAC-4215-BC33-BAFB10346946}.Release|Any CPU.ActiveCfg = Release|Any CPU
		{AC9C32AD-5FAC-4215-BC33-BAFB10346946}.Release|Any CPU.Build.0 = Release|Any CPU
		{05307819-C957-4F18-9B27-0D61297D2F82}.Debug|Any CPU.ActiveCfg = Debug|Any CPU
		{05307819-C957-4F18-9B27-0D61297D2F82}.Debug|Any CPU.Build.0 = Debug|Any CPU
		{05307819-C957-4F18-9B27-0D61297D2F82}.Release|Any CPU.ActiveCfg = Release|Any CPU
		{05307819-C957-4F18-9B27-0D61297D2F82}.Release|Any CPU.Build.0 = Release|Any CPU
		{79E3CBF4-DB48-42D6-8470-A1D1A32FD6ED}.Debug|Any CPU.ActiveCfg = Debug|Any CPU
		{79E3CBF4-DB48-42D6-8470-A1D1A32FD6ED}.Debug|Any CPU.Build.0 = Debug|Any CPU
		{79E3CBF4-DB48-42D6-8470-A1D1A32FD6ED}.Release|Any CPU.ActiveCfg = Release|Any CPU
		{79E3CBF4-DB48-42D6-8470-A1D1A32FD6ED}.Release|Any CPU.Build.0 = Release|Any CPU
		{32AC942D-2E1D-4024-A7DD-68872E8F8042}.Debug|Any CPU.ActiveCfg = Debug|Any CPU
		{32AC942D-2E1D-4024-A7DD-68872E8F8042}.Debug|Any CPU.Build.0 = Debug|Any CPU
		{32AC942D-2E1D-4024-A7DD-68872E8F8042}.Release|Any CPU.ActiveCfg = Release|Any CPU
		{32AC942D-2E1D-4024-A7DD-68872E8F8042}.Release|Any CPU.Build.0 = Release|Any CPU
	EndGlobalSection
EndGlobal
